{
    "_readme": [
        "This file locks the dependencies of your project to a known state",
        "Read more about it at http://getcomposer.org/doc/01-basic-usage.md#composer-lock-the-lock-file",
        "This file is @generated automatically"
    ],
    "hash": "d14f0aff5a2afd4950986f31c027de23",
    "packages": [
        {
            "name": "cebe/markdown",
            "version": "0.9.2",
            "source": {
                "type": "git",
                "url": "https://github.com/cebe/markdown.git",
                "reference": "70d24fe88e3cb2795d2a422f3dffd264861bca20"
            },
            "dist": {
                "type": "zip",
                "url": "https://api.github.com/repos/cebe/markdown/zipball/70d24fe88e3cb2795d2a422f3dffd264861bca20",
                "reference": "70d24fe88e3cb2795d2a422f3dffd264861bca20",
                "shasum": ""
            },
            "require": {
                "lib-pcre": "*",
                "php": ">=5.4.0"
            },
            "require-dev": {
                "phpunit/phpunit": "3.7.*"
            },
            "bin": [
                "bin/markdown"
            ],
            "type": "library",
            "autoload": {
                "psr-4": {
                    "cebe\\markdown\\": ""
                }
            },
            "notification-url": "https://packagist.org/downloads/",
            "license": [
                "MIT"
            ],
            "authors": [
                {
                    "name": "Carsten Brandt",
                    "email": "mail@cebe.cc",
                    "homepage": "http://cebe.cc/",
                    "role": "Core framework development"
                }
            ],
            "description": "A super fast highly extensible markdown parser for PHP",
            "homepage": "http://www.cebe.cc/markdown",
            "keywords": [
                "extensible",
                "fast",
                "gfm",
                "markdown",
                "markdown-extra"
            ],
            "time": "2014-02-18 15:53:17"
        },
        {
            "name": "composer/installers",
            "version": "v1.0.18",
            "source": {
                "type": "git",
                "url": "https://github.com/composer/installers.git",
                "reference": "74fb0a7a1a23696d9c8cc2fba5903f6711cdd067"
            },
            "dist": {
                "type": "zip",
                "url": "https://api.github.com/repos/composer/installers/zipball/74fb0a7a1a23696d9c8cc2fba5903f6711cdd067",
                "reference": "74fb0a7a1a23696d9c8cc2fba5903f6711cdd067",
                "shasum": ""
            },
            "replace": {
                "roundcube/plugin-installer": "*",
                "shama/baton": "*"
            },
            "require-dev": {
                "composer/composer": "1.0.*@dev",
                "phpunit/phpunit": "4.1.*"
            },
            "type": "composer-installer",
            "extra": {
                "class": "Composer\\Installers\\Installer",
                "branch-alias": {
                    "dev-master": "1.0-dev"
                }
            },
            "autoload": {
                "psr-0": {
                    "Composer\\Installers\\": "src/"
                }
            },
            "notification-url": "https://packagist.org/downloads/",
            "license": [
                "MIT"
            ],
            "authors": [
                {
                    "name": "Kyle Robinson Young",
                    "email": "kyle@dontkry.com",
                    "homepage": "https://github.com/shama"
                }
            ],
            "description": "A multi-framework Composer library installer",
            "homepage": "http://composer.github.com/installers/",
            "keywords": [
                "Craft",
                "Dolibarr",
                "Hurad",
                "MODX Evo",
                "OXID",
                "WolfCMS",
                "agl",
                "annotatecms",
                "bitrix",
                "cakephp",
                "chef",
                "codeigniter",
                "concrete5",
                "croogo",
                "drupal",
                "elgg",
                "fuelphp",
                "installer",
                "joomla",
                "kohana",
                "laravel",
                "lithium",
                "magento",
                "mako",
                "mediawiki",
                "modulework",
                "moodle",
                "phpbb",
                "piwik",
                "ppi",
                "puppet",
                "roundcube",
                "shopware",
                "silverstripe",
                "symfony",
                "typo3",
                "wordpress",
                "zend",
                "zikula"
            ],
            "time": "2014-08-18 20:00:12"
        },
        {
            "name": "davidpersson/textual",
            "version": "1.0.0",
            "source": {
                "type": "git",
                "url": "https://github.com/davidpersson/textual.git",
                "reference": "984ce97463b0d6d843beac302f94371a96a3edf2"
            },
            "dist": {
                "type": "zip",
                "url": "https://api.github.com/repos/davidpersson/textual/zipball/984ce97463b0d6d843beac302f94371a96a3edf2",
                "reference": "984ce97463b0d6d843beac302f94371a96a3edf2",
                "shasum": ""
            },
            "type": "library",
            "autoload": {
                "psr-4": {
                    "textual\\": "src/"
                }
            },
            "notification-url": "https://packagist.org/downloads/",
            "license": [
                "BSD-3-Clause"
            ],
            "authors": [
                {
                    "name": "David Persson",
                    "email": "davidpersson@gmx.de"
                }
            ],
            "description": "PHP library with tools for modulating text.",
            "time": "2014-04-02 17:09:47"
        },
        {
            "name": "eher/oauth",
            "version": "1.0.7",
            "source": {
                "type": "git",
                "url": "https://github.com/EHER/OAuth.git",
                "reference": "935c1f7709d1c1457de9e250d0e5f29cac06e507"
            },
            "dist": {
                "type": "zip",
                "url": "https://api.github.com/repos/EHER/OAuth/zipball/935c1f7709d1c1457de9e250d0e5f29cac06e507",
                "reference": "935c1f7709d1c1457de9e250d0e5f29cac06e507",
                "shasum": ""
            },
            "require": {
                "php": ">=5.3.0"
            },
            "require-dev": {
                "eher/phpunit": "1.6"
            },
            "type": "library",
            "autoload": {
                "psr-0": {
                    "Eher\\OAuth": "src"
                }
            },
            "notification-url": "https://packagist.org/downloads/",
            "license": [
                "BSD-3-Clause"
            ],
            "description": "OAuth 1 PHP Library",
            "time": "2012-12-13 23:48:10"
        },
        {
            "name": "fzaninotto/faker",
            "version": "v1.4.0",
            "source": {
                "type": "git",
                "url": "https://github.com/fzaninotto/Faker.git",
                "reference": "010c7efedd88bf31141a02719f51fb44c732d5a0"
            },
            "dist": {
                "type": "zip",
                "url": "https://api.github.com/repos/fzaninotto/Faker/zipball/010c7efedd88bf31141a02719f51fb44c732d5a0",
                "reference": "010c7efedd88bf31141a02719f51fb44c732d5a0",
                "shasum": ""
            },
            "require": {
                "php": ">=5.3.3"
            },
            "require-dev": {
                "phpunit/phpunit": "~4.0",
                "squizlabs/php_codesniffer": "~1.5"
            },
            "type": "library",
            "extra": {
                "branch-alias": []
            },
            "autoload": {
                "psr-0": {
                    "Faker": "src/",
                    "Faker\\PHPUnit": "test/"
                }
            },
            "notification-url": "https://packagist.org/downloads/",
            "license": [
                "MIT"
            ],
            "authors": [
                {
                    "name": "François Zaninotto"
                }
            ],
            "description": "Faker is a PHP library that generates fake data for you.",
            "keywords": [
                "data",
                "faker",
                "fixtures"
            ],
            "time": "2014-06-04 14:43:02"
        },
        {
            "name": "guzzle/guzzle",
            "version": "v3.9.2",
            "source": {
                "type": "git",
                "url": "https://github.com/guzzle/guzzle3.git",
                "reference": "54991459675c1a2924122afbb0e5609ade581155"
            },
            "dist": {
                "type": "zip",
                "url": "https://api.github.com/repos/guzzle/guzzle3/zipball/54991459675c1a2924122afbb0e5609ade581155",
                "reference": "54991459675c1a2924122afbb0e5609ade581155",
                "shasum": ""
            },
            "require": {
                "ext-curl": "*",
                "php": ">=5.3.3",
                "symfony/event-dispatcher": "~2.1"
            },
            "replace": {
                "guzzle/batch": "self.version",
                "guzzle/cache": "self.version",
                "guzzle/common": "self.version",
                "guzzle/http": "self.version",
                "guzzle/inflection": "self.version",
                "guzzle/iterator": "self.version",
                "guzzle/log": "self.version",
                "guzzle/parser": "self.version",
                "guzzle/plugin": "self.version",
                "guzzle/plugin-async": "self.version",
                "guzzle/plugin-backoff": "self.version",
                "guzzle/plugin-cache": "self.version",
                "guzzle/plugin-cookie": "self.version",
                "guzzle/plugin-curlauth": "self.version",
                "guzzle/plugin-error-response": "self.version",
                "guzzle/plugin-history": "self.version",
                "guzzle/plugin-log": "self.version",
                "guzzle/plugin-md5": "self.version",
                "guzzle/plugin-mock": "self.version",
                "guzzle/plugin-oauth": "self.version",
                "guzzle/service": "self.version",
                "guzzle/stream": "self.version"
            },
            "require-dev": {
                "doctrine/cache": "~1.3",
                "monolog/monolog": "~1.0",
                "phpunit/phpunit": "3.7.*",
                "psr/log": "~1.0",
                "symfony/class-loader": "~2.1",
                "zendframework/zend-cache": "2.*,<2.3",
                "zendframework/zend-log": "2.*,<2.3"
            },
            "type": "library",
            "extra": {
                "branch-alias": {
                    "dev-master": "3.9-dev"
                }
            },
            "autoload": {
                "psr-0": {
                    "Guzzle": "src/",
                    "Guzzle\\Tests": "tests/"
                }
            },
            "notification-url": "https://packagist.org/downloads/",
            "license": [
                "MIT"
            ],
            "authors": [
                {
                    "name": "Michael Dowling",
                    "email": "mtdowling@gmail.com",
                    "homepage": "https://github.com/mtdowling"
                },
                {
                    "name": "Guzzle Community",
                    "homepage": "https://github.com/guzzle/guzzle/contributors"
                }
            ],
            "description": "Guzzle is a PHP HTTP client library and framework for building RESTful web service clients",
            "homepage": "http://guzzlephp.org/",
            "keywords": [
                "client",
                "curl",
                "framework",
                "http",
                "http client",
                "rest",
                "web service"
            ],
            "time": "2014-08-11 04:32:36"
        },
        {
            "name": "naneau/semver",
            "version": "0.0.5",
            "source": {
                "type": "git",
                "url": "https://github.com/naneau/semver.git",
                "reference": "66e94287a0e18d462589f44d8c8606ba6a72196f"
            },
            "dist": {
                "type": "zip",
                "url": "https://api.github.com/repos/naneau/semver/zipball/66e94287a0e18d462589f44d8c8606ba6a72196f",
                "reference": "66e94287a0e18d462589f44d8c8606ba6a72196f",
                "shasum": ""
            },
            "require": {
                "php": ">=5.3.0"
            },
            "require-dev": {
                "phpunit/phpunit": "4.0.*"
            },
            "type": "library",
            "autoload": {
                "psr-0": {
                    "Naneau\\SemVer\\": "src"
                }
            },
            "notification-url": "https://packagist.org/downloads/",
            "license": [
                "MIT"
            ],
            "authors": [
                {
                    "name": "Maurice Fonk",
                    "email": "maurice@naneau.net",
                    "homepage": "http://mauricefonk.com",
                    "role": "developer"
                }
            ],
            "description": "A decent, standards-compliant, Semantic Versioning (SemVer) parser and library",
            "homepage": "https://github.com/naneau/semver",
            "keywords": [
                "semantic",
                "semver",
                "versioning"
            ],
            "time": "2013-01-04 00:00:00"
        },
        {
            "name": "symfony/event-dispatcher",
            "version": "v2.5.4",
            "target-dir": "Symfony/Component/EventDispatcher",
            "source": {
                "type": "git",
                "url": "https://github.com/symfony/EventDispatcher.git",
                "reference": "8faf5cc7e80fde74a650a36e60d32ce3c3e0457b"
            },
            "dist": {
                "type": "zip",
                "url": "https://api.github.com/repos/symfony/EventDispatcher/zipball/8faf5cc7e80fde74a650a36e60d32ce3c3e0457b",
                "reference": "8faf5cc7e80fde74a650a36e60d32ce3c3e0457b",
                "shasum": ""
            },
            "require": {
                "php": ">=5.3.3"
            },
            "require-dev": {
                "psr/log": "~1.0",
                "symfony/config": "~2.0",
                "symfony/dependency-injection": "~2.0",
                "symfony/stopwatch": "~2.2"
            },
            "suggest": {
                "symfony/dependency-injection": "",
                "symfony/http-kernel": ""
            },
            "type": "library",
            "extra": {
                "branch-alias": {
                    "dev-master": "2.5-dev"
                }
            },
            "autoload": {
                "psr-0": {
                    "Symfony\\Component\\EventDispatcher\\": ""
                }
            },
            "notification-url": "https://packagist.org/downloads/",
            "license": [
                "MIT"
            ],
            "authors": [
                {
                    "name": "Symfony Community",
                    "homepage": "http://symfony.com/contributors"
                },
                {
                    "name": "Fabien Potencier",
                    "email": "fabien@symfony.com"
                }
            ],
            "description": "Symfony EventDispatcher Component",
            "homepage": "http://symfony.com",
            "time": "2014-07-28 13:20:46"
        },
        {
            "name": "tumblr/tumblr",
            "version": "dev-master",
            "source": {
                "type": "git",
                "url": "https://github.com/tumblr/tumblr.php.git",
                "reference": "32fef6e6fb047371607a33e5665bf72da7dbad7d"
            },
            "dist": {
                "type": "zip",
                "url": "https://api.github.com/repos/tumblr/tumblr.php/zipball/32fef6e6fb047371607a33e5665bf72da7dbad7d",
                "reference": "32fef6e6fb047371607a33e5665bf72da7dbad7d",
                "shasum": ""
            },
            "require": {
                "eher/oauth": "1.0.*",
                "guzzle/guzzle": ">=3.1.0,<4"
            },
            "require-dev": {
                "phpunit/phpunit": "*"
            },
            "type": "library",
            "autoload": {
                "psr-0": {
                    "Tumblr\\API": "lib"
                }
            },
            "notification-url": "https://packagist.org/downloads/",
            "license": [
                "Apache-2.0"
            ],
            "authors": [
                {
                    "name": "John Crepezzi",
                    "email": "john.crepezzi@gmail.com",
                    "homepage": "https://github.com/seejohnrun",
                    "role": "developer"
                }
            ],
            "description": "Official Tumblr PHP Client",
            "homepage": "https://github.com/tumblr/tumblr.php",
            "keywords": [
                "api",
                "gif",
                "sdk",
                "tumblr"
            ],
            "time": "2014-08-12 07:19:42"
        },
        {
            "name": "unionofrad/li3_bot",
            "version": "dev-master",
            "source": {
                "type": "git",
                "url": "https://github.com/unionofrad/li3_bot.git",
                "reference": "18b8460fa238f48220eae402f13b28c8d0f33e9c"
            },
            "dist": {
                "type": "zip",
                "url": "https://api.github.com/repos/unionofrad/li3_bot/zipball/18b8460fa238f48220eae402f13b28c8d0f33e9c",
                "reference": "18b8460fa238f48220eae402f13b28c8d0f33e9c",
                "shasum": ""
            },
            "require": {
                "composer/installers": "*",
                "php": ">=5.3"
            },
            "type": "lithium-library",
            "notification-url": "https://packagist.org/downloads/",
            "license": [
                "BSD-3-clause"
            ],
            "description": "An IRC bot for your Lithium application.",
            "homepage": "https://github.com/UnionOfRAD/li3_bot",
            "keywords": [
                "bot",
                "irc",
                "li3",
                "lithium"
            ],
            "time": "2014-07-01 22:33:59"
        },
        {
            "name": "unionofrad/li3_docs",
            "version": "dev-dev",
            "source": {
                "type": "git",
                "url": "https://github.com/UnionOfRAD/li3_docs.git",
                "reference": "41375a7fb13d869fe504ddf07ae37d8e61a46057"
            },
            "dist": {
                "type": "zip",
                "url": "https://api.github.com/repos/UnionOfRAD/li3_docs/zipball/41375a7fb13d869fe504ddf07ae37d8e61a46057",
                "reference": "41375a7fb13d869fe504ddf07ae37d8e61a46057",
                "shasum": ""
            },
            "require": {
                "cebe/markdown": "0.9.*",
                "composer/installers": "*",
                "php": ">=5.3"
            },
            "type": "lithium-library",
            "notification-url": "https://packagist.org/downloads/",
            "license": [
                "BSD-3-clause"
            ],
            "authors": [
                {
                    "name": "gwoo",
                    "homepage": "https://github.com/gwoo"
                },
                {
                    "name": "Nate Abele",
                    "email": "nate.abele@gmail.com",
                    "homepage": "http://nateabele.com/"
                },
                {
                    "name": "David Persson",
                    "email": "nperson@gmx.de",
                    "homepage": "http://nperson.de"
                },
                {
                    "name": "Jon Adams",
                    "email": "pointlessjon@me.com",
                    "homepage": "http://daetal.us"
                },
                {
                    "name": "John Anderson",
                    "email": "anderson.johnd@gmail.com",
                    "homepage": "https://twitter.com/#!/raisinbread"
                },
                {
                    "name": "Hans Donner",
                    "email": "hans.donner@pobox.com",
                    "homepage": "https://github.com/hans-d"
                }
            ],
            "description": "A documentation generator for Lithium projects.",
            "homepage": "https://github.com/UnionOfRAD/li3_docs",
            "keywords": [
                "docblock",
                "docs",
                "documentation",
                "documented",
                "li3",
                "lithium"
            ],
            "time": "2014-09-16 17:38:11"
        },
        {
            "name": "unionofrad/lithium",
            "version": "dev-dev",
            "target-dir": "lithium",
            "source": {
                "type": "git",
                "url": "https://github.com/UnionOfRAD/lithium.git",
                "reference": "e8fcffb4a09e25aaf7f040c1b4c7bdbada84e9a5"
            },
            "dist": {
                "type": "zip",
                "url": "https://api.github.com/repos/UnionOfRAD/lithium/zipball/e8fcffb4a09e25aaf7f040c1b4c7bdbada84e9a5",
                "reference": "e8fcffb4a09e25aaf7f040c1b4c7bdbada84e9a5",
                "shasum": ""
            },
            "require": {
                "php": ">=5.3.6"
            },
            "bin": [
                "console/li3"
            ],
            "type": "library",
            "autoload": {
                "psr-0": {
                    "lithium": ""
                }
            },
            "notification-url": "https://packagist.org/downloads/",
            "license": [
                "BSD-3-Clause"
            ],
            "authors": [
                {
                    "name": "Union of RAD",
                    "homepage": "http://union-of-rad.org"
                },
                {
                    "name": "The Lithium Community",
                    "homepage": "http://github.com/UnionOfRAD/lithium/graphs/contributors"
                }
            ],
            "description": "The core library of the Lithium PHP framework",
            "homepage": "http://li3.me",
            "keywords": [
                "framework",
                "lithium"
            ],
            "time": "2014-09-14 14:03:54"
        },
        {
            "name": "unionofrad/manual",
            "version": "dev-dev",
            "source": {
                "type": "git",
                "url": "https://github.com/UnionOfRAD/manual.git",
                "reference": "3cb68b032175e27fea16a749b7b1d430a070b04e"
            },
            "dist": {
                "type": "zip",
                "url": "https://api.github.com/repos/UnionOfRAD/manual/zipball/3cb68b032175e27fea16a749b7b1d430a070b04e",
                "reference": "3cb68b032175e27fea16a749b7b1d430a070b04e",
                "shasum": ""
            },
            "require": {
                "composer/installers": "*"
            },
            "type": "lithium-library",
            "notification-url": "https://packagist.org/downloads/",
            "license": [
                "BSD-3-clause"
            ],
            "description": "Lithium's full-fledged documentation effort.",
            "homepage": "https://github.com/UnionOfRAD/manual",
            "keywords": [
                "docblock",
                "docs",
                "documentation",
                "documented",
                "li3",
                "lithium"
            ],
            "time": "2014-09-15 13:55:48"
        },
        {
            "name": "unionofrad/specs",
            "version": "dev-master",
            "source": {
                "type": "git",
                "url": "https://github.com/UnionOfRAD/specs.git",
                "reference": "5b25e5967925c8ab3f75105b5875890cebe2c99e"
            },
            "dist": {
                "type": "zip",
                "url": "https://api.github.com/repos/UnionOfRAD/specs/zipball/5b25e5967925c8ab3f75105b5875890cebe2c99e",
                "reference": "5b25e5967925c8ab3f75105b5875890cebe2c99e",
                "shasum": ""
            },
            "require": {
                "composer/installers": "*"
            },
            "type": "lithium-library",
            "notification-url": "https://packagist.org/downloads/",
            "license": [
                "BSD-3-clause"
            ],
            "description": "li3 Standard Specifications",
            "homepage": "https://github.com/UnionOfRAD/specs",
            "keywords": [
                "docs",
                "documentation",
                "li3",
                "lithium",
                "specifcation",
                "standard"
            ],
            "time": "2014-09-15 21:28:07"
        }
    ],
    "packages-dev": [],
    "aliases": [
        {
            "alias": "1.0.0-dev",
            "alias_normalized": "1.0.0.0-dev",
            "version": "dev-dev",
            "package": "unionofrad/lithium"
        },
        {
            "alias": "1.0.0-dev",
            "alias_normalized": "1.0.0.0-dev",
            "version": "dev-dev",
            "package": "unionofrad/li3_docs"
        },
        {
            "alias": "1.0.0-dev",
            "alias_normalized": "1.0.0.0-dev",
            "version": "9999999-dev",
            "package": "unionofrad/li3_bot"
        },
        {
            "alias": "1.0.0-dev",
            "alias_normalized": "1.0.0.0-dev",
            "version": "dev-dev",
            "package": "unionofrad/manual"
        },
        {
            "alias": "1.0.0-dev",
            "alias_normalized": "1.0.0.0-dev",
            "version": "9999999-dev",
            "package": "unionofrad/specs"
        }
    ],
    "minimum-stability": "dev",
    "stability-flags": {
        "tumblr/tumblr": 20,
        "unionofrad/lithium": 20,
        "unionofrad/li3_docs": 20,
        "unionofrad/li3_bot": 20,
        "unionofrad/manual": 20,
        "unionofrad/specs": 20
    },
    "prefer-stable": true,
    "platform": {
        "php": ">=5.5.0"
    },
    "platform-dev": []
}
