{
    "_readme": [
        "This file locks the dependencies of your project to a known state",
        "Read more about it at https://getcomposer.org/doc/01-basic-usage.md#composer-lock-the-lock-file",
        "This file is @generated automatically"
    ],
    "hash": "ff472a4f5795695e89ced278d1144b6e",
    "packages": [
        {
            "name": "atelierdisko/jsend",
            "version": "v0.5.0",
            "source": {
                "type": "git",
                "url": "https://github.com/atelierdisko/jsend.git",
                "reference": "b52468e306dffc911324980ebaea6177f0b98fae"
            },
            "dist": {
                "type": "zip",
                "url": "https://api.github.com/repos/atelierdisko/jsend/zipball/b52468e306dffc911324980ebaea6177f0b98fae",
                "reference": "b52468e306dffc911324980ebaea6177f0b98fae",
                "shasum": ""
            },
            "require": {
                "php": ">=5.5.0"
            },
            "require-dev": {
                "phpunit/phpunit": ">=4.0.0"
            },
            "type": "library",
            "autoload": {
                "psr-4": {
                    "jsend\\": "src/"
                }
            },
            "notification-url": "https://packagist.org/downloads/",
            "license": [
                "BSD-3-clause"
            ],
            "authors": [
                {
                    "name": "Atelier Disko",
                    "homepage": "http://atelierdisko.de"
                }
            ],
            "description": "JSend Request/Response Objects for PHP",
            "homepage": "https://github.com/atelierdisko/jsend",
            "keywords": [
                "jsend"
            ],
            "time": "2015-01-02 13:05:22"
        },
        {
            "name": "cebe/markdown",
            "version": "1.1.0",
            "source": {
                "type": "git",
                "url": "https://github.com/cebe/markdown.git",
                "reference": "54a2c49de31cc44e864ebf0500a35ef21d0010b2"
            },
            "dist": {
                "type": "zip",
                "url": "https://api.github.com/repos/cebe/markdown/zipball/54a2c49de31cc44e864ebf0500a35ef21d0010b2",
                "reference": "54a2c49de31cc44e864ebf0500a35ef21d0010b2",
                "shasum": ""
            },
            "require": {
                "lib-pcre": "*",
                "php": ">=5.4.0"
            },
            "require-dev": {
                "cebe/indent": "*",
                "facebook/xhprof": "*@dev",
                "phpunit/phpunit": "4.1.*"
            },
            "bin": [
                "bin/markdown"
            ],
            "type": "library",
            "extra": {
                "branch-alias": {
                    "dev-master": "1.1.x-dev"
                }
            },
            "autoload": {
                "psr-4": {
                    "cebe\\markdown\\": ""
                }
            },
            "notification-url": "https://packagist.org/downloads/",
            "license": [
                "MIT"
            ],
            "authors": [
                {
                    "name": "Carsten Brandt",
                    "email": "mail@cebe.cc",
                    "homepage": "http://cebe.cc/",
                    "role": "Creator"
                }
            ],
            "description": "A super fast, highly extensible markdown parser for PHP",
            "homepage": "https://github.com/cebe/markdown#readme",
            "keywords": [
                "extensible",
                "fast",
                "gfm",
                "markdown",
                "markdown-extra"
            ],
            "time": "2015-03-06 05:28:07"
        },
        {
            "name": "composer/installers",
            "version": "v1.0.21",
            "source": {
                "type": "git",
                "url": "https://github.com/composer/installers.git",
                "reference": "d64e23fce42a4063d63262b19b8e7c0f3b5e4c45"
            },
            "dist": {
                "type": "zip",
                "url": "https://api.github.com/repos/composer/installers/zipball/d64e23fce42a4063d63262b19b8e7c0f3b5e4c45",
                "reference": "d64e23fce42a4063d63262b19b8e7c0f3b5e4c45",
                "shasum": ""
            },
            "replace": {
                "roundcube/plugin-installer": "*",
                "shama/baton": "*"
            },
            "require-dev": {
                "composer/composer": "1.0.*@dev",
                "phpunit/phpunit": "4.1.*"
            },
            "type": "composer-installer",
            "extra": {
                "class": "Composer\\Installers\\Installer",
                "branch-alias": {
                    "dev-master": "1.0-dev"
                }
            },
            "autoload": {
                "psr-0": {
                    "Composer\\Installers\\": "src/"
                }
            },
            "notification-url": "https://packagist.org/downloads/",
            "license": [
                "MIT"
            ],
            "authors": [
                {
                    "name": "Kyle Robinson Young",
                    "email": "kyle@dontkry.com",
                    "homepage": "https://github.com/shama"
                }
            ],
            "description": "A multi-framework Composer library installer",
            "homepage": "http://composer.github.com/installers/",
            "keywords": [
                "Craft",
                "Dolibarr",
                "Hurad",
                "MODX Evo",
                "OXID",
                "SMF",
                "Thelia",
                "WolfCMS",
                "agl",
                "aimeos",
                "annotatecms",
                "bitrix",
                "cakephp",
                "chef",
                "codeigniter",
                "concrete5",
                "croogo",
                "dokuwiki",
                "drupal",
                "elgg",
                "fuelphp",
                "grav",
                "installer",
                "joomla",
                "kohana",
                "laravel",
                "lithium",
                "magento",
                "mako",
                "mediawiki",
                "modulework",
                "moodle",
                "phpbb",
                "piwik",
                "ppi",
                "puppet",
                "roundcube",
                "shopware",
                "silverstripe",
                "symfony",
                "typo3",
                "wordpress",
                "zend",
                "zikula"
            ],
            "time": "2015-02-18 17:17:01"
        },
        {
            "name": "davidpersson/textual",
            "version": "1.0.0",
            "source": {
                "type": "git",
                "url": "https://github.com/davidpersson/textual.git",
                "reference": "984ce97463b0d6d843beac302f94371a96a3edf2"
            },
            "dist": {
                "type": "zip",
                "url": "https://api.github.com/repos/davidpersson/textual/zipball/984ce97463b0d6d843beac302f94371a96a3edf2",
                "reference": "984ce97463b0d6d843beac302f94371a96a3edf2",
                "shasum": ""
            },
            "type": "library",
            "autoload": {
                "psr-4": {
                    "textual\\": "src/"
                }
            },
            "notification-url": "https://packagist.org/downloads/",
            "license": [
                "BSD-3-Clause"
            ],
            "authors": [
                {
                    "name": "David Persson",
                    "email": "davidpersson@gmx.de"
                }
            ],
            "description": "PHP library with tools for modulating text.",
            "time": "2014-04-02 17:09:47"
        },
        {
            "name": "eher/oauth",
            "version": "1.0.7",
            "source": {
                "type": "git",
                "url": "https://github.com/EHER/OAuth.git",
                "reference": "935c1f7709d1c1457de9e250d0e5f29cac06e507"
            },
            "dist": {
                "type": "zip",
                "url": "https://api.github.com/repos/EHER/OAuth/zipball/935c1f7709d1c1457de9e250d0e5f29cac06e507",
                "reference": "935c1f7709d1c1457de9e250d0e5f29cac06e507",
                "shasum": ""
            },
            "require": {
                "php": ">=5.3.0"
            },
            "require-dev": {
                "eher/phpunit": "1.6"
            },
            "type": "library",
            "autoload": {
                "psr-0": {
                    "Eher\\OAuth": "src"
                }
            },
            "notification-url": "https://packagist.org/downloads/",
            "license": [
                "BSD-3-Clause"
            ],
            "description": "OAuth 1 PHP Library",
            "time": "2012-12-13 23:48:10"
        },
        {
            "name": "fzaninotto/faker",
            "version": "v1.5.0",
            "source": {
                "type": "git",
                "url": "https://github.com/fzaninotto/Faker.git",
                "reference": "d0190b156bcca848d401fb80f31f504f37141c8d"
            },
            "dist": {
                "type": "zip",
                "url": "https://api.github.com/repos/fzaninotto/Faker/zipball/d0190b156bcca848d401fb80f31f504f37141c8d",
                "reference": "d0190b156bcca848d401fb80f31f504f37141c8d",
                "shasum": ""
            },
            "require": {
                "php": ">=5.3.3"
            },
            "require-dev": {
                "phpunit/phpunit": "~4.0",
                "squizlabs/php_codesniffer": "~1.5"
            },
            "suggest": {
                "ext-intl": "*"
            },
            "type": "library",
            "extra": {
                "branch-alias": {
                    "dev-master": "1.5.x-dev"
                }
            },
            "autoload": {
                "psr-4": {
                    "Faker\\": "src/Faker/"
                }
            },
            "notification-url": "https://packagist.org/downloads/",
            "license": [
                "MIT"
            ],
            "authors": [
                {
                    "name": "François Zaninotto"
                }
            ],
            "description": "Faker is a PHP library that generates fake data for you.",
            "keywords": [
                "data",
                "faker",
                "fixtures"
            ],
            "time": "2015-05-29 06:29:14"
        },
        {
            "name": "guzzle/guzzle",
            "version": "v3.9.3",
            "source": {
                "type": "git",
                "url": "https://github.com/guzzle/guzzle3.git",
                "reference": "0645b70d953bc1c067bbc8d5bc53194706b628d9"
            },
            "dist": {
                "type": "zip",
                "url": "https://api.github.com/repos/guzzle/guzzle3/zipball/0645b70d953bc1c067bbc8d5bc53194706b628d9",
                "reference": "0645b70d953bc1c067bbc8d5bc53194706b628d9",
                "shasum": ""
            },
            "require": {
                "ext-curl": "*",
                "php": ">=5.3.3",
                "symfony/event-dispatcher": "~2.1"
            },
            "replace": {
                "guzzle/batch": "self.version",
                "guzzle/cache": "self.version",
                "guzzle/common": "self.version",
                "guzzle/http": "self.version",
                "guzzle/inflection": "self.version",
                "guzzle/iterator": "self.version",
                "guzzle/log": "self.version",
                "guzzle/parser": "self.version",
                "guzzle/plugin": "self.version",
                "guzzle/plugin-async": "self.version",
                "guzzle/plugin-backoff": "self.version",
                "guzzle/plugin-cache": "self.version",
                "guzzle/plugin-cookie": "self.version",
                "guzzle/plugin-curlauth": "self.version",
                "guzzle/plugin-error-response": "self.version",
                "guzzle/plugin-history": "self.version",
                "guzzle/plugin-log": "self.version",
                "guzzle/plugin-md5": "self.version",
                "guzzle/plugin-mock": "self.version",
                "guzzle/plugin-oauth": "self.version",
                "guzzle/service": "self.version",
                "guzzle/stream": "self.version"
            },
            "require-dev": {
                "doctrine/cache": "~1.3",
                "monolog/monolog": "~1.0",
                "phpunit/phpunit": "3.7.*",
                "psr/log": "~1.0",
                "symfony/class-loader": "~2.1",
                "zendframework/zend-cache": "2.*,<2.3",
                "zendframework/zend-log": "2.*,<2.3"
            },
            "suggest": {
                "guzzlehttp/guzzle": "Guzzle 5 has moved to a new package name. The package you have installed, Guzzle 3, is deprecated."
            },
            "type": "library",
            "extra": {
                "branch-alias": {
                    "dev-master": "3.9-dev"
                }
            },
            "autoload": {
                "psr-0": {
                    "Guzzle": "src/",
                    "Guzzle\\Tests": "tests/"
                }
            },
            "notification-url": "https://packagist.org/downloads/",
            "license": [
                "MIT"
            ],
            "authors": [
                {
                    "name": "Michael Dowling",
                    "email": "mtdowling@gmail.com",
                    "homepage": "https://github.com/mtdowling"
                },
                {
                    "name": "Guzzle Community",
                    "homepage": "https://github.com/guzzle/guzzle/contributors"
                }
            ],
            "description": "PHP HTTP client. This library is deprecated in favor of https://packagist.org/packages/guzzlehttp/guzzle",
            "homepage": "http://guzzlephp.org/",
            "keywords": [
                "client",
                "curl",
                "framework",
                "http",
                "http client",
                "rest",
                "web service"
            ],
            "time": "2015-03-18 18:23:50"
        },
        {
            "name": "naneau/semver",
            "version": "0.0.7",
            "source": {
                "type": "git",
                "url": "https://github.com/naneau/semver.git",
                "reference": "60ea59641aad840f97f3c9057e2f2b7bc087eaa3"
            },
            "dist": {
                "type": "zip",
                "url": "https://api.github.com/repos/naneau/semver/zipball/60ea59641aad840f97f3c9057e2f2b7bc087eaa3",
                "reference": "60ea59641aad840f97f3c9057e2f2b7bc087eaa3",
                "shasum": ""
            },
            "require": {
                "php": ">=5.3.0"
            },
            "require-dev": {
                "phpunit/phpunit": "~4.0.0"
            },
            "type": "library",
            "autoload": {
                "psr-0": {
                    "Naneau\\SemVer\\": "src"
                }
            },
            "notification-url": "https://packagist.org/downloads/",
            "license": [
                "MIT"
            ],
            "authors": [
                {
                    "name": "Maurice Fonk",
                    "email": "maurice@naneau.net",
                    "homepage": "http://mauricefonk.com",
                    "role": "developer"
                }
            ],
            "description": "A decent, standards-compliant, Semantic Versioning (SemVer) parser and library",
            "homepage": "https://github.com/naneau/semver",
            "keywords": [
                "semantic",
                "semver",
                "versioning"
            ],
            "time": "2013-01-04 00:00:00"
        },
        {
            "name": "symfony/event-dispatcher",
            "version": "v2.7.2",
            "source": {
                "type": "git",
                "url": "https://github.com/symfony/EventDispatcher.git",
                "reference": "9310b5f9a87ec2ea75d20fec0b0017c77c66dac3"
            },
            "dist": {
                "type": "zip",
                "url": "https://api.github.com/repos/symfony/EventDispatcher/zipball/9310b5f9a87ec2ea75d20fec0b0017c77c66dac3",
                "reference": "9310b5f9a87ec2ea75d20fec0b0017c77c66dac3",
                "shasum": ""
            },
            "require": {
                "php": ">=5.3.9"
            },
            "require-dev": {
                "psr/log": "~1.0",
                "symfony/config": "~2.0,>=2.0.5",
                "symfony/dependency-injection": "~2.6",
                "symfony/expression-language": "~2.6",
                "symfony/phpunit-bridge": "~2.7",
                "symfony/stopwatch": "~2.3"
            },
            "suggest": {
                "symfony/dependency-injection": "",
                "symfony/http-kernel": ""
            },
            "type": "library",
            "extra": {
                "branch-alias": {
                    "dev-master": "2.7-dev"
                }
            },
            "autoload": {
                "psr-4": {
                    "Symfony\\Component\\EventDispatcher\\": ""
                }
            },
            "notification-url": "https://packagist.org/downloads/",
            "license": [
                "MIT"
            ],
            "authors": [
                {
                    "name": "Fabien Potencier",
                    "email": "fabien@symfony.com"
                },
                {
                    "name": "Symfony Community",
                    "homepage": "https://symfony.com/contributors"
                }
            ],
            "description": "Symfony EventDispatcher Component",
            "homepage": "https://symfony.com",
            "time": "2015-06-18 19:21:56"
        },
        {
            "name": "tumblr/tumblr",
            "version": "dev-master",
            "source": {
                "type": "git",
                "url": "https://github.com/tumblr/tumblr.php.git",
                "reference": "32fef6e6fb047371607a33e5665bf72da7dbad7d"
            },
            "dist": {
                "type": "zip",
                "url": "https://api.github.com/repos/tumblr/tumblr.php/zipball/efbae0a1a4079eeb8b895a40314b04499e63b1b7",
                "reference": "32fef6e6fb047371607a33e5665bf72da7dbad7d",
                "shasum": ""
            },
            "require": {
                "eher/oauth": "1.0.*",
                "guzzle/guzzle": ">=3.1.0,<4"
            },
            "require-dev": {
                "phpunit/phpunit": "*"
            },
            "type": "library",
            "autoload": {
                "psr-0": {
                    "Tumblr\\API": "lib"
                }
            },
            "notification-url": "https://packagist.org/downloads/",
            "license": [
                "Apache-2.0"
            ],
            "authors": [
                {
                    "name": "John Crepezzi",
                    "email": "john.crepezzi@gmail.com",
                    "homepage": "https://github.com/seejohnrun",
                    "role": "developer"
                }
            ],
            "description": "Official Tumblr PHP Client",
            "homepage": "https://github.com/tumblr/tumblr.php",
            "keywords": [
                "api",
                "gif",
                "sdk",
                "tumblr"
            ],
            "time": "2014-08-12 07:19:42"
        },
        {
            "name": "unionofrad/li3_docs",
            "version": "dev-dev",
            "source": {
                "type": "git",
                "url": "https://github.com/UnionOfRAD/li3_docs.git",
                "reference": "136504ea0a1dabc2f044c111690777c9409f6309"
            },
            "dist": {
                "type": "zip",
                "url": "https://api.github.com/repos/UnionOfRAD/li3_docs/zipball/136504ea0a1dabc2f044c111690777c9409f6309",
                "reference": "136504ea0a1dabc2f044c111690777c9409f6309",
                "shasum": ""
            },
            "require": {
                "cebe/markdown": "1.*",
                "composer/installers": "*",
                "php": ">=5.3"
            },
            "type": "lithium-library",
            "notification-url": "https://packagist.org/downloads/",
            "license": [
                "BSD-3-clause"
            ],
            "authors": [
                {
                    "name": "gwoo",
                    "homepage": "https://github.com/gwoo"
                },
                {
                    "name": "Nate Abele",
                    "email": "nate.abele@gmail.com",
                    "homepage": "http://nateabele.com/"
                },
                {
                    "name": "David Persson",
                    "email": "nperson@gmx.de",
                    "homepage": "http://nperson.de"
                },
                {
                    "name": "Jon Adams",
                    "email": "pointlessjon@me.com",
                    "homepage": "http://daetal.us"
                },
                {
                    "name": "John Anderson",
                    "email": "anderson.johnd@gmail.com",
                    "homepage": "https://twitter.com/#!/raisinbread"
                },
                {
                    "name": "Hans Donner",
                    "email": "hans.donner@pobox.com",
                    "homepage": "https://github.com/hans-d"
                }
            ],
            "description": "A documentation generator for Lithium projects.",
            "homepage": "https://github.com/UnionOfRAD/li3_docs",
            "keywords": [
                "docblock",
                "docs",
                "documentation",
                "documented",
                "li3",
                "lithium"
            ],
            "time": "2015-05-24 12:09:55"
        },
        {
            "name": "unionofrad/lithium",
            "version": "dev-dev",
            "source": {
                "type": "git",
                "url": "https://github.com/UnionOfRAD/lithium.git",
                "reference": "457c6aa06a84e0ac7d00b728bd27627d9524e47a"
            },
            "dist": {
                "type": "zip",
                "url": "https://api.github.com/repos/UnionOfRAD/lithium/zipball/457c6aa06a84e0ac7d00b728bd27627d9524e47a",
                "reference": "457c6aa06a84e0ac7d00b728bd27627d9524e47a",
                "shasum": ""
            },
            "require": {
                "composer/installers": "1.*",
                "php": ">=5.3.6"
            },
            "bin": [
                "console/li3"
            ],
            "type": "lithium-library",
            "notification-url": "https://packagist.org/downloads/",
            "license": [
                "BSD-3-Clause"
            ],
            "authors": [
                {
                    "name": "Union of RAD"
                },
                {
                    "name": "The Community"
                }
            ],
            "description": "The core library of the Lithium PHP framework",
            "homepage": "http://li3.me",
            "keywords": [
                "framework",
                "li3",
                "lithium"
            ],
            "time": "2015-07-21 17:59:01"
        },
        {
            "name": "unionofrad/manual",
            "version": "dev-master",
            "source": {
                "type": "git",
                "url": "https://github.com/UnionOfRAD/manual.git",
                "reference": "bdb6e1dd25c3081ddb5dc8460efaca1b14a370a6"
            },
            "dist": {
                "type": "zip",
                "url": "https://api.github.com/repos/UnionOfRAD/manual/zipball/bdb6e1dd25c3081ddb5dc8460efaca1b14a370a6",
                "reference": "bdb6e1dd25c3081ddb5dc8460efaca1b14a370a6",
                "shasum": ""
            },
            "require": {
                "composer/installers": "*"
            },
            "type": "lithium-library",
            "notification-url": "https://packagist.org/downloads/",
            "license": [
                "BSD-3-clause"
            ],
            "description": "li3 full-fledged documentation effort.",
            "homepage": "https://github.com/UnionOfRAD/manual",
            "keywords": [
                "docblock",
                "docs",
                "documentation",
                "documented",
                "li3",
                "lithium"
            ],
            "time": "2015-07-01 11:07:01"
        },
        {
            "name": "unionofrad/specs",
            "version": "dev-master",
            "source": {
                "type": "git",
                "url": "https://github.com/UnionOfRAD/specs.git",
                "reference": "3ac42ad4ee1fc3be242b77fd0bb0ab4b3dec5136"
            },
            "dist": {
                "type": "zip",
                "url": "https://api.github.com/repos/UnionOfRAD/specs/zipball/3ac42ad4ee1fc3be242b77fd0bb0ab4b3dec5136",
                "reference": "3ac42ad4ee1fc3be242b77fd0bb0ab4b3dec5136",
                "shasum": ""
            },
            "require": {
                "composer/installers": "*"
            },
            "type": "lithium-library",
            "notification-url": "https://packagist.org/downloads/",
            "license": [
                "BSD-3-clause"
            ],
            "description": "li3 Standard Specifications",
            "homepage": "https://github.com/UnionOfRAD/specs",
            "keywords": [
                "docs",
                "documentation",
                "li3",
                "lithium",
                "specifcation",
                "standard"
            ],
            "time": "2015-03-14 14:46:19"
        }
    ],
    "packages-dev": [],
    "aliases": [
        {
            "alias": "1.0.0-dev",
            "alias_normalized": "1.0.0.0-dev",
            "version": "dev-dev",
            "package": "unionofrad/lithium"
        },
        {
            "alias": "1.0.0-dev",
            "alias_normalized": "1.0.0.0-dev",
            "version": "dev-dev",
            "package": "unionofrad/li3_docs"
        },
        {
            "alias": "1.0.0-dev",
            "alias_normalized": "1.0.0.0-dev",
            "version": "9999999-dev",
            "package": "unionofrad/specs"
        }
    ],
    "minimum-stability": "dev",
    "stability-flags": {
        "tumblr/tumblr": 20,
        "unionofrad/lithium": 20,
        "unionofrad/li3_docs": 20,
        "unionofrad/manual": 20,
        "unionofrad/specs": 20
    },
    "prefer-stable": true,
    "prefer-lowest": false,
    "platform": {
        "php": ">=5.5.0"
    },
    "platform-dev": []
}
