{
    "_readme": [
        "This file locks the dependencies of your project to a known state",
        "Read more about it at https://getcomposer.org/doc/01-basic-usage.md#composer-lock-the-lock-file",
        "This file is @generated automatically"
    ],
    "hash": "9ee966d783159405922adb85e50cebcd",
    "content-hash": "2d857a06e4fbdbd88d663b7389ba7141",
    "packages": [
        {
            "name": "atelierdisko/jsend",
            "version": "v0.5.0",
            "source": {
                "type": "git",
                "url": "https://github.com/atelierdisko/jsend.git",
                "reference": "b52468e306dffc911324980ebaea6177f0b98fae"
            },
            "dist": {
                "type": "zip",
                "url": "https://api.github.com/repos/atelierdisko/jsend/zipball/b52468e306dffc911324980ebaea6177f0b98fae",
                "reference": "b52468e306dffc911324980ebaea6177f0b98fae",
                "shasum": ""
            },
            "require": {
                "php": ">=5.5.0"
            },
            "require-dev": {
                "phpunit/phpunit": ">=4.0.0"
            },
            "type": "library",
            "autoload": {
                "psr-4": {
                    "jsend\\": "src/"
                }
            },
            "notification-url": "https://packagist.org/downloads/",
            "license": [
                "BSD-3-clause"
            ],
            "authors": [
                {
                    "name": "Atelier Disko",
                    "homepage": "http://atelierdisko.de"
                }
            ],
            "description": "JSend Request/Response Objects for PHP",
            "homepage": "https://github.com/atelierdisko/jsend",
            "keywords": [
                "jsend"
            ],
            "time": "2015-01-02 13:05:22"
        },
        {
            "name": "cebe/markdown",
            "version": "1.1.0",
            "source": {
                "type": "git",
                "url": "https://github.com/cebe/markdown.git",
                "reference": "54a2c49de31cc44e864ebf0500a35ef21d0010b2"
            },
            "dist": {
                "type": "zip",
                "url": "https://api.github.com/repos/cebe/markdown/zipball/54a2c49de31cc44e864ebf0500a35ef21d0010b2",
                "reference": "54a2c49de31cc44e864ebf0500a35ef21d0010b2",
                "shasum": ""
            },
            "require": {
                "lib-pcre": "*",
                "php": ">=5.4.0"
            },
            "require-dev": {
                "cebe/indent": "*",
                "facebook/xhprof": "*@dev",
                "phpunit/phpunit": "4.1.*"
            },
            "bin": [
                "bin/markdown"
            ],
            "type": "library",
            "extra": {
                "branch-alias": {
                    "dev-master": "1.1.x-dev"
                }
            },
            "autoload": {
                "psr-4": {
                    "cebe\\markdown\\": ""
                }
            },
            "notification-url": "https://packagist.org/downloads/",
            "license": [
                "MIT"
            ],
            "authors": [
                {
                    "name": "Carsten Brandt",
                    "email": "mail@cebe.cc",
                    "homepage": "http://cebe.cc/",
                    "role": "Creator"
                }
            ],
            "description": "A super fast, highly extensible markdown parser for PHP",
            "homepage": "https://github.com/cebe/markdown#readme",
            "keywords": [
                "extensible",
                "fast",
                "gfm",
                "markdown",
                "markdown-extra"
            ],
            "time": "2015-03-06 05:28:07"
        },
        {
            "name": "composer/installers",
            "version": "v1.0.25",
            "source": {
                "type": "git",
                "url": "https://github.com/composer/installers.git",
                "reference": "36e5b5843203d7f1cf6ffb0305a97e014387bd8e"
            },
            "dist": {
                "type": "zip",
                "url": "https://api.github.com/repos/composer/installers/zipball/36e5b5843203d7f1cf6ffb0305a97e014387bd8e",
                "reference": "36e5b5843203d7f1cf6ffb0305a97e014387bd8e",
                "shasum": ""
            },
            "require": {
                "composer-plugin-api": "^1.0"
            },
            "replace": {
                "roundcube/plugin-installer": "*",
                "shama/baton": "*"
            },
            "require-dev": {
                "composer/composer": "1.0.*@dev",
                "phpunit/phpunit": "4.1.*"
            },
            "type": "composer-plugin",
            "extra": {
                "class": "Composer\\Installers\\Plugin",
                "branch-alias": {
                    "dev-master": "1.0-dev"
                }
            },
            "autoload": {
                "psr-4": {
                    "Composer\\Installers\\": "src/Composer/Installers"
                }
            },
            "notification-url": "https://packagist.org/downloads/",
            "license": [
                "MIT"
            ],
            "authors": [
                {
                    "name": "Kyle Robinson Young",
                    "email": "kyle@dontkry.com",
                    "homepage": "https://github.com/shama"
                }
            ],
            "description": "A multi-framework Composer library installer",
            "homepage": "https://composer.github.io/installers/",
            "keywords": [
                "Craft",
                "Dolibarr",
                "Hurad",
                "ImageCMS",
                "MODX Evo",
                "Mautic",
                "OXID",
                "SMF",
                "Thelia",
                "WolfCMS",
                "agl",
                "aimeos",
                "annotatecms",
                "bitrix",
                "cakephp",
                "chef",
                "codeigniter",
                "concrete5",
                "croogo",
                "dokuwiki",
                "drupal",
                "elgg",
                "fuelphp",
                "grav",
                "installer",
                "joomla",
                "kohana",
                "laravel",
                "lithium",
                "magento",
                "mako",
                "mediawiki",
                "modulework",
                "moodle",
                "phpbb",
                "piwik",
                "ppi",
                "puppet",
                "roundcube",
                "shopware",
                "silverstripe",
                "symfony",
                "typo3",
                "wordpress",
                "zend",
                "zikula"
            ],
            "time": "2016-04-13 19:46:30"
        },
        {
            "name": "davidpersson/textual",
            "version": "1.0.0",
            "source": {
                "type": "git",
                "url": "https://github.com/davidpersson/textual.git",
                "reference": "984ce97463b0d6d843beac302f94371a96a3edf2"
            },
            "dist": {
                "type": "zip",
                "url": "https://api.github.com/repos/davidpersson/textual/zipball/984ce97463b0d6d843beac302f94371a96a3edf2",
                "reference": "984ce97463b0d6d843beac302f94371a96a3edf2",
                "shasum": ""
            },
            "type": "library",
            "autoload": {
                "psr-4": {
                    "textual\\": "src/"
                }
            },
            "notification-url": "https://packagist.org/downloads/",
            "license": [
                "BSD-3-Clause"
            ],
            "authors": [
                {
                    "name": "David Persson",
                    "email": "davidpersson@gmx.de"
                }
            ],
            "description": "PHP library with tools for modulating text.",
            "time": "2014-04-02 17:09:47"
        },
        {
            "name": "eher/oauth",
            "version": "1.0.7",
            "source": {
                "type": "git",
                "url": "https://github.com/EHER/OAuth.git",
                "reference": "935c1f7709d1c1457de9e250d0e5f29cac06e507"
            },
            "dist": {
                "type": "zip",
                "url": "https://api.github.com/repos/EHER/OAuth/zipball/935c1f7709d1c1457de9e250d0e5f29cac06e507",
                "reference": "935c1f7709d1c1457de9e250d0e5f29cac06e507",
                "shasum": ""
            },
            "require": {
                "php": ">=5.3.0"
            },
            "require-dev": {
                "eher/phpunit": "1.6"
            },
            "type": "library",
            "autoload": {
                "psr-0": {
                    "Eher\\OAuth": "src"
                }
            },
            "notification-url": "https://packagist.org/downloads/",
            "license": [
                "BSD-3-Clause"
            ],
            "description": "OAuth 1 PHP Library",
            "time": "2012-12-13 23:48:10"
        },
        {
            "name": "guzzle/guzzle",
            "version": "v3.9.3",
            "source": {
                "type": "git",
                "url": "https://github.com/guzzle/guzzle3.git",
                "reference": "0645b70d953bc1c067bbc8d5bc53194706b628d9"
            },
            "dist": {
                "type": "zip",
                "url": "https://api.github.com/repos/guzzle/guzzle3/zipball/0645b70d953bc1c067bbc8d5bc53194706b628d9",
                "reference": "0645b70d953bc1c067bbc8d5bc53194706b628d9",
                "shasum": ""
            },
            "require": {
                "ext-curl": "*",
                "php": ">=5.3.3",
                "symfony/event-dispatcher": "~2.1"
            },
            "replace": {
                "guzzle/batch": "self.version",
                "guzzle/cache": "self.version",
                "guzzle/common": "self.version",
                "guzzle/http": "self.version",
                "guzzle/inflection": "self.version",
                "guzzle/iterator": "self.version",
                "guzzle/log": "self.version",
                "guzzle/parser": "self.version",
                "guzzle/plugin": "self.version",
                "guzzle/plugin-async": "self.version",
                "guzzle/plugin-backoff": "self.version",
                "guzzle/plugin-cache": "self.version",
                "guzzle/plugin-cookie": "self.version",
                "guzzle/plugin-curlauth": "self.version",
                "guzzle/plugin-error-response": "self.version",
                "guzzle/plugin-history": "self.version",
                "guzzle/plugin-log": "self.version",
                "guzzle/plugin-md5": "self.version",
                "guzzle/plugin-mock": "self.version",
                "guzzle/plugin-oauth": "self.version",
                "guzzle/service": "self.version",
                "guzzle/stream": "self.version"
            },
            "require-dev": {
                "doctrine/cache": "~1.3",
                "monolog/monolog": "~1.0",
                "phpunit/phpunit": "3.7.*",
                "psr/log": "~1.0",
                "symfony/class-loader": "~2.1",
                "zendframework/zend-cache": "2.*,<2.3",
                "zendframework/zend-log": "2.*,<2.3"
            },
            "suggest": {
                "guzzlehttp/guzzle": "Guzzle 5 has moved to a new package name. The package you have installed, Guzzle 3, is deprecated."
            },
            "type": "library",
            "extra": {
                "branch-alias": {
                    "dev-master": "3.9-dev"
                }
            },
            "autoload": {
                "psr-0": {
                    "Guzzle": "src/",
                    "Guzzle\\Tests": "tests/"
                }
            },
            "notification-url": "https://packagist.org/downloads/",
            "license": [
                "MIT"
            ],
            "authors": [
                {
                    "name": "Michael Dowling",
                    "email": "mtdowling@gmail.com",
                    "homepage": "https://github.com/mtdowling"
                },
                {
                    "name": "Guzzle Community",
                    "homepage": "https://github.com/guzzle/guzzle/contributors"
                }
            ],
            "description": "PHP HTTP client. This library is deprecated in favor of https://packagist.org/packages/guzzlehttp/guzzle",
            "homepage": "http://guzzlephp.org/",
            "keywords": [
                "client",
                "curl",
                "framework",
                "http",
                "http client",
                "rest",
                "web service"
            ],
            "time": "2015-03-18 18:23:50"
        },
        {
            "name": "naneau/semver",
            "version": "0.0.7",
            "source": {
                "type": "git",
                "url": "https://github.com/naneau/semver.git",
                "reference": "60ea59641aad840f97f3c9057e2f2b7bc087eaa3"
            },
            "dist": {
                "type": "zip",
                "url": "https://api.github.com/repos/naneau/semver/zipball/60ea59641aad840f97f3c9057e2f2b7bc087eaa3",
                "reference": "60ea59641aad840f97f3c9057e2f2b7bc087eaa3",
                "shasum": ""
            },
            "require": {
                "php": ">=5.3.0"
            },
            "require-dev": {
                "phpunit/phpunit": "~4.0.0"
            },
            "type": "library",
            "autoload": {
                "psr-0": {
                    "Naneau\\SemVer\\": "src"
                }
            },
            "notification-url": "https://packagist.org/downloads/",
            "license": [
                "MIT"
            ],
            "authors": [
                {
                    "name": "Maurice Fonk",
                    "email": "maurice@naneau.net",
                    "homepage": "http://mauricefonk.com",
                    "role": "developer"
                }
            ],
            "description": "A decent, standards-compliant, Semantic Versioning (SemVer) parser and library",
            "homepage": "https://github.com/naneau/semver",
            "keywords": [
                "semantic",
                "semver",
                "versioning"
            ],
            "time": "2013-01-04 00:00:00"
        },
        {
            "name": "symfony/event-dispatcher",
            "version": "v2.8.6",
            "source": {
                "type": "git",
                "url": "https://github.com/symfony/event-dispatcher.git",
                "reference": "a158f13992a3147d466af7a23b564ac719a4ddd8"
            },
            "dist": {
                "type": "zip",
                "url": "https://api.github.com/repos/symfony/event-dispatcher/zipball/a158f13992a3147d466af7a23b564ac719a4ddd8",
                "reference": "a158f13992a3147d466af7a23b564ac719a4ddd8",
                "shasum": ""
            },
            "require": {
                "php": ">=5.3.9"
            },
            "require-dev": {
                "psr/log": "~1.0",
                "symfony/config": "~2.0,>=2.0.5|~3.0.0",
                "symfony/dependency-injection": "~2.6|~3.0.0",
                "symfony/expression-language": "~2.6|~3.0.0",
                "symfony/stopwatch": "~2.3|~3.0.0"
            },
            "suggest": {
                "symfony/dependency-injection": "",
                "symfony/http-kernel": ""
            },
            "type": "library",
            "extra": {
                "branch-alias": {
                    "dev-master": "2.8-dev"
                }
            },
            "autoload": {
                "psr-4": {
                    "Symfony\\Component\\EventDispatcher\\": ""
                },
                "exclude-from-classmap": [
                    "/Tests/"
                ]
            },
            "notification-url": "https://packagist.org/downloads/",
            "license": [
                "MIT"
            ],
            "authors": [
                {
                    "name": "Fabien Potencier",
                    "email": "fabien@symfony.com"
                },
                {
                    "name": "Symfony Community",
                    "homepage": "https://symfony.com/contributors"
                }
            ],
            "description": "Symfony EventDispatcher Component",
            "homepage": "https://symfony.com",
            "time": "2016-05-03 18:59:18"
        },
        {
            "name": "tumblr/tumblr",
            "version": "dev-master",
            "source": {
                "type": "git",
                "url": "https://github.com/tumblr/tumblr.php.git",
                "reference": "32fef6e6fb047371607a33e5665bf72da7dbad7d"
            },
            "dist": {
                "type": "zip",
                "url": "https://api.github.com/repos/tumblr/tumblr.php/zipball/32fef6e6fb047371607a33e5665bf72da7dbad7d",
                "reference": "32fef6e6fb047371607a33e5665bf72da7dbad7d",
                "shasum": ""
            },
            "require": {
                "eher/oauth": "1.0.*",
                "guzzle/guzzle": ">=3.1.0,<4"
            },
            "require-dev": {
                "phpunit/phpunit": "*"
            },
            "type": "library",
            "autoload": {
                "psr-0": {
                    "Tumblr\\API": "lib"
                }
            },
            "notification-url": "https://packagist.org/downloads/",
            "license": [
                "Apache-2.0"
            ],
            "authors": [
                {
                    "name": "John Crepezzi",
                    "email": "john.crepezzi@gmail.com",
                    "homepage": "https://github.com/seejohnrun",
                    "role": "developer"
                }
            ],
            "description": "Official Tumblr PHP Client",
            "homepage": "https://github.com/tumblr/tumblr.php",
            "keywords": [
                "api",
                "gif",
                "sdk",
                "tumblr"
            ],
            "time": "2014-08-12 07:19:42"
        },
        {
            "name": "unionofrad/li3_docs",
            "version": "v1.0.0",
            "source": {
                "type": "git",
                "url": "https://github.com/UnionOfRAD/li3_docs.git",
                "reference": "9232dd47645e3634e11550c2d824d588079546c2"
            },
            "dist": {
                "type": "zip",
                "url": "https://api.github.com/repos/UnionOfRAD/li3_docs/zipball/9232dd47645e3634e11550c2d824d588079546c2",
                "reference": "9232dd47645e3634e11550c2d824d588079546c2",
                "shasum": ""
            },
            "require": {
                "cebe/markdown": "1.*",
                "composer/installers": "1.*",
                "php": ">=5.3",
                "unionofrad/lithium": "1.0.*"
            },
            "type": "lithium-library",
            "notification-url": "https://packagist.org/downloads/",
            "license": [
                "BSD-3-clause"
            ],
            "authors": [
                {
                    "name": "Union of RAD"
                },
                {
                    "name": "The Community"
                }
            ],
            "description": "A documentation generator for Lithium projects.",
            "homepage": "http://li3.me",
            "keywords": [
                "docblock",
                "docs",
                "documentation",
                "documented",
                "li3",
                "lithium"
            ],
            "time": "2016-06-01 14:32:55"
        },
        {
            "name": "unionofrad/lithium",
            "version": "1.0.x-dev",
            "source": {
                "type": "git",
                "url": "https://github.com/UnionOfRAD/lithium.git",
                "reference": "cf79151ed168cd0ade0024bd79341efbc8042e34"
            },
            "dist": {
                "type": "zip",
                "url": "https://api.github.com/repos/UnionOfRAD/lithium/zipball/cf79151ed168cd0ade0024bd79341efbc8042e34",
                "reference": "cf79151ed168cd0ade0024bd79341efbc8042e34",
                "shasum": ""
            },
            "require": {
                "composer/installers": "1.*",
                "php": ">=5.3.6 <7.0.0"
            },
            "require-dev": {
                "unionofrad/li3_fixtures": "1.0.*"
            },
            "bin": [
                "console/li3"
            ],
            "type": "lithium-library",
            "notification-url": "https://packagist.org/downloads/",
            "license": [
                "BSD-3-Clause"
            ],
            "authors": [
                {
                    "name": "Union of RAD"
                },
                {
                    "name": "The Community"
                }
            ],
            "description": "The core library of the Lithium PHP framework",
            "homepage": "http://li3.me",
            "keywords": [
                "framework",
                "li3",
                "lithium"
            ],
            "time": "2016-06-01 14:37:48"
        },
        {
            "name": "unionofrad/manual",
            "version": "1.0.x-dev",
            "source": {
                "type": "git",
                "url": "https://github.com/UnionOfRAD/manual.git",
                "reference": "e2eec410e21fbb26758675d1dc52c8acdfb3f5a1"
            },
            "dist": {
                "type": "zip",
                "url": "https://api.github.com/repos/UnionOfRAD/manual/zipball/e2eec410e21fbb26758675d1dc52c8acdfb3f5a1",
                "reference": "e2eec410e21fbb26758675d1dc52c8acdfb3f5a1",
                "shasum": ""
            },
            "require": {
                "composer/installers": "*"
            },
            "type": "lithium-library",
            "notification-url": "https://packagist.org/downloads/",
            "license": [
                "BSD-3-clause"
            ],
            "description": "li3 full-fledged documentation effort.",
            "homepage": "https://github.com/UnionOfRAD/manual",
            "keywords": [
                "docblock",
                "docs",
                "documentation",
                "documented",
                "li3",
                "lithium"
            ],
            "time": "2016-06-01 14:51:03"
        },
        {
            "name": "unionofrad/specs",
            "version": "dev-master",
            "source": {
                "type": "git",
                "url": "https://github.com/UnionOfRAD/specs.git",
                "reference": "c780276f79abd10c8b129f6d4203390011735c8c"
            },
            "dist": {
                "type": "zip",
                "url": "https://api.github.com/repos/UnionOfRAD/specs/zipball/c780276f79abd10c8b129f6d4203390011735c8c",
                "reference": "c780276f79abd10c8b129f6d4203390011735c8c",
                "shasum": ""
            },
            "require": {
                "composer/installers": "*"
            },
            "type": "lithium-library",
            "notification-url": "https://packagist.org/downloads/",
            "license": [
                "BSD-3-clause"
            ],
            "description": "li3 Standard Specifications",
            "homepage": "https://github.com/UnionOfRAD/specs",
            "keywords": [
                "docs",
                "documentation",
                "li3",
                "lithium",
                "specifcation",
                "standard"
            ],
            "time": "2015-12-17 09:54:39"
        }
    ],
    "packages-dev": [],
    "aliases": [],
    "minimum-stability": "dev",
    "stability-flags": {
        "tumblr/tumblr": 20,
        "unionofrad/lithium": 20,
        "unionofrad/li3_docs": 5,
        "unionofrad/manual": 20,
        "unionofrad/specs": 20
    },
    "prefer-stable": true,
    "prefer-lowest": false,
    "platform": {
        "php": ">=5.5.0"
    },
    "platform-dev": []
}
